
Microsoft Visual Studio Solution File, Format Version 12.00
# Visual Studio 15
VisualStudioVersion = 15.0.27703.2018
MinimumVisualStudioVersion = 10.0.40219.1
Project("{888888A0-9F3D-457C-B088-3A5042F75D52}") = "music", "music\music.pyproj", "{0D4742B0-A38D-47E3-AFA6-B739F60F1227}"
EndProject
Global
	GlobalSection(SolutionConfigurationPlatforms) = preSolution
		Debug|Any CPU = Debug|Any CPU
		Release|Any CPU = Release|Any CPU
	EndGlobalSection
	GlobalSection(ProjectConfigurationPlatforms) = postSolution
		{0D4742B0-A38D-47E3-AFA6-B739F60F1227}.Debug|Any CPU.ActiveCfg = Debug|Any CPU
		{0D4742B0-A38D-47E3-AFA6-B739F60F1227}.Release|Any CPU.ActiveCfg = Release|Any CPU
	EndGlobalSection
	GlobalSection(SolutionProperties) = preSolution
		HideSolutionNode = FALSE
	EndGlobalSection
	GlobalSection(ExtensibilityGlobals) = postSolution
		SolutionGuid = {02D74627-F247-47CB-9F6C-A0E4D2801717}
	EndGlobalSection
EndGlobal
